
Microsoft Visual Studio Solution File, Format Version 12.00
# Visual Studio Version 17
VisualStudioVersion = 17.6.33815.320
MinimumVisualStudioVersion = 10.0.40219.1
Project("{9A19103F-16F7-4668-BE54-9A1E7A4F7556}") = "SecureMessenger", "SecureMessenger\SecureMessenger.csproj", "{1A39580B-31BB-461C-8B31-0499C9B9A123}"
EndProject
Project("{FAE04EC0-301F-11D3-BF4B-00C04F79EFBC}") = "Client", "Client\Client.csproj", "{B4D11AE2-FE3C-41B9-8183-C9ED41878221}"
EndProject
Global
	GlobalSection(SolutionConfigurationPlatforms) = preSolution
		Debug|Any CPU = Debug|Any CPU
		Release|Any CPU = Release|Any CPU
	EndGlobalSection
	GlobalSection(ProjectConfigurationPlatforms) = postSolution
		{1A39580B-31BB-461C-8B31-0499C9B9A123}.Debug|Any CPU.ActiveCfg = Debug|Any CPU
		{1A39580B-31BB-461C-8B31-0499C9B9A123}.Debug|Any CPU.Build.0 = Debug|Any CPU
		{1A39580B-31BB-461C-8B31-0499C9B9A123}.Release|Any CPU.ActiveCfg = Release|Any CPU
		{1A39580B-31BB-461C-8B31-0499C9B9A123}.Release|Any CPU.Build.0 = Release|Any CPU
		{B4D11AE2-FE3C-41B9-8183-C9ED41878221}.Debug|Any CPU.ActiveCfg = Debug|Any CPU
		{B4D11AE2-FE3C-41B9-8183-C9ED41878221}.Debug|Any CPU.Build.0 = Debug|Any CPU
		{B4D11AE2-FE3C-41B9-8183-C9ED41878221}.Release|Any CPU.ActiveCfg = Release|Any CPU
		{B4D11AE2-FE3C-41B9-8183-C9ED41878221}.Release|Any CPU.Build.0 = Release|Any CPU
	EndGlobalSection
	GlobalSection(SolutionProperties) = preSolution
		HideSolutionNode = FALSE
	EndGlobalSection
	GlobalSection(ExtensibilityGlobals) = postSolution
		SolutionGuid = {780FC3A4-60B9-4F17-B6B3-EB58EE578BEB}
	EndGlobalSection
EndGlobal
